
Microsoft Visual Studio Solution File, Format Version 12.00
# Visual Studio 15
VisualStudioVersion = 15.0.27004.2009
MinimumVisualStudioVersion = 10.0.40219.1
Project("{2150E333-8FDC-42A3-9474-1A3956D46DE8}") = "Framework", "Framework", "{D16C69B8-07A3-41DE-9F4D-FABCC9379B1F}"
EndProject
Project("{2150E333-8FDC-42A3-9474-1A3956D46DE8}") = "Services", "Services", "{D61AA399-2146-4EC3-9D2F-EA21A59B370C}"
EndProject
Project("{9A19103F-16F7-4668-BE54-9A1E7A4F7556}") = "Sma.Stm.Common", "Sma.Stm.Common\Sma.Stm.Common.csproj", "{9B977A64-4E26-427D-81C4-1E5D74F5796D}"
EndProject
Project("{9A19103F-16F7-4668-BE54-9A1E7A4F7556}") = "Sma.Stm.Ssc", "Sma.Stm.Ssc\Sma.Stm.Ssc.csproj", "{4A4AE45F-7C00-4D0C-BCF3-6FB02FDABE8A}"
EndProject
Project("{9A19103F-16F7-4668-BE54-9A1E7A4F7556}") = "Sma.Stm.Ssc.Contract", "Sma.Stm.Ssc.Contract\Sma.Stm.Ssc.Contract.csproj", "{638C8070-3654-4E98-A99E-A6ECD2C09BEC}"
EndProject
Project("{9A19103F-16F7-4668-BE54-9A1E7A4F7556}") = "Sma.Stm.Services.GenericMessageService", "Sma.Stm.Services.GenericMessageService\Sma.Stm.Services.GenericMessageService.csproj", "{9B24A934-C6FB-4511-A074-A1E8FE2D92ED}"
EndProject
Project("{9A19103F-16F7-4668-BE54-9A1E7A4F7556}") = "Sma.Stm.Services.AuthorizationService", "Sma.Stm.Services.AuthorizationService\Sma.Stm.Services.AuthorizationService.csproj", "{EAD0C056-5089-4AD6-A447-EDD3859B314C}"
EndProject
Project("{9A19103F-16F7-4668-BE54-9A1E7A4F7556}") = "Sma.Stm.Services.SubscriptionService", "Sma.Stm.Services.SubscriptionService\Sma.Stm.Services.SubscriptionService.csproj", "{711EA6CE-F90A-491D-901A-D38DA8E30CC5}"
EndProject
Project("{9A19103F-16F7-4668-BE54-9A1E7A4F7556}") = "Sma.Stm.Services.LoggingService", "Sma.Stm.Services.LoggingService\Sma.Stm.Services.LoggingService.csproj", "{FC03523B-11A2-4A2E-B889-08BA2DFB5E9E}"
EndProject
Project("{2150E333-8FDC-42A3-9474-1A3956D46DE8}") = "EventBus", "EventBus", "{A1832D19-14AC-43D5-9354-E44CD8F066BD}"
EndProject
Project("{9A19103F-16F7-4668-BE54-9A1E7A4F7556}") = "Sma.Stm.EventBusRabbitMQ", "Sma.Stm.EventBus\Sma.Stm.EventBusRabbitMQ\Sma.Stm.EventBusRabbitMQ.csproj", "{ED7D114C-779F-4BD7-B3BA-0B9E215E22FC}"
EndProject
Project("{9A19103F-16F7-4668-BE54-9A1E7A4F7556}") = "Sma.Stm.EventBusServiceBus", "Sma.Stm.EventBus\Sma.Stm.EventBusServiceBus\Sma.Stm.EventBusServiceBus.csproj", "{1BC3AF51-8349-4561-B34A-37A129CA8DC7}"
EndProject
Project("{E53339B2-1760-4266-BCC7-CA923CBCF16C}") = "docker-compose", "docker-compose.dcproj", "{3065D1CA-18CD-494E-9A48-2A989D68D883}"
EndProject
Project("{9A19103F-16F7-4668-BE54-9A1E7A4F7556}") = "Sma.Stm.Services.MessageSenderService", "Sma.Stm.MessageSenderService\Sma.Stm.Services.MessageSenderService.csproj", "{147D45A9-5843-48C0-9A7B-5BBF00128E89}"
EndProject
Project("{9A19103F-16F7-4668-BE54-9A1E7A4F7556}") = "Sma.Stm.EventBus", "Sma.Stm.EventBus\Sma.Stm.EventBus\Sma.Stm.EventBus.csproj", "{E27F0AAA-AA6E-4847-847D-4BB9C4E963EA}"
EndProject
Project("{9A19103F-16F7-4668-BE54-9A1E7A4F7556}") = "Sma.Stm.EventBus.Events", "Sma.Stm.EventBus\Sma.Stm.EventBus.Events\Sma.Stm.EventBus.Events.csproj", "{B7708BA7-0721-4F50-A5D8-D17346DBBCF6}"
EndProject
Project("{9A19103F-16F7-4668-BE54-9A1E7A4F7556}") = "Sma.Stm.Ssc.Services.Private", "Sma.Stm.Ssc.Services.Private\Sma.Stm.Ssc.Services.Private.csproj", "{35150728-74BB-4F34-A388-EDC7B2BEAEB4}"
EndProject
Project("{2150E333-8FDC-42A3-9474-1A3956D46DE8}") = "SeaSwim", "SeaSwim", "{0E977B44-D7ED-4318-AC77-E47BF64108AB}"
EndProject
Project("{9A19103F-16F7-4668-BE54-9A1E7A4F7556}") = "Sma.Stm.Services.NotificationService", "Sma.Stm.Services.NotificationService\Sma.Stm.Services.NotificationService.csproj", "{2E9F1264-D1B6-4038-8BD5-483171429B36}"
EndProject
Project("{2150E333-8FDC-42A3-9474-1A3956D46DE8}") = "Nginx", "Nginx", "{FFBB220D-0AD4-4E09-8E09-4C604B4A96CD}"
	ProjectSection(SolutionItems) = preProject
		Nginx\ca.pem = Nginx\ca.pem
		Nginx\cert.pem = Nginx\cert.pem
		Nginx\Dockerfile = Nginx\Dockerfile
		Nginx\key.pem = Nginx\key.pem
		Nginx\nginx.conf = Nginx\nginx.conf
	EndProjectSection
EndProject
Global
	GlobalSection(SolutionConfigurationPlatforms) = preSolution
		Debug|Any CPU = Debug|Any CPU
		Release|Any CPU = Release|Any CPU
	EndGlobalSection
	GlobalSection(ProjectConfigurationPlatforms) = postSolution
		{9B977A64-4E26-427D-81C4-1E5D74F5796D}.Debug|Any CPU.ActiveCfg = Debug|Any CPU
		{9B977A64-4E26-427D-81C4-1E5D74F5796D}.Debug|Any CPU.Build.0 = Debug|Any CPU
		{9B977A64-4E26-427D-81C4-1E5D74F5796D}.Release|Any CPU.ActiveCfg = Release|Any CPU
		{9B977A64-4E26-427D-81C4-1E5D74F5796D}.Release|Any CPU.Build.0 = Release|Any CPU
		{4A4AE45F-7C00-4D0C-BCF3-6FB02FDABE8A}.Debug|Any CPU.ActiveCfg = Debug|Any CPU
		{4A4AE45F-7C00-4D0C-BCF3-6FB02FDABE8A}.Debug|Any CPU.Build.0 = Debug|Any CPU
		{4A4AE45F-7C00-4D0C-BCF3-6FB02FDABE8A}.Release|Any CPU.ActiveCfg = Release|Any CPU
		{4A4AE45F-7C00-4D0C-BCF3-6FB02FDABE8A}.Release|Any CPU.Build.0 = Release|Any CPU
		{638C8070-3654-4E98-A99E-A6ECD2C09BEC}.Debug|Any CPU.ActiveCfg = Debug|Any CPU
		{638C8070-3654-4E98-A99E-A6ECD2C09BEC}.Debug|Any CPU.Build.0 = Debug|Any CPU
		{638C8070-3654-4E98-A99E-A6ECD2C09BEC}.Release|Any CPU.ActiveCfg = Release|Any CPU
		{638C8070-3654-4E98-A99E-A6ECD2C09BEC}.Release|Any CPU.Build.0 = Release|Any CPU
		{9B24A934-C6FB-4511-A074-A1E8FE2D92ED}.Debug|Any CPU.ActiveCfg = Debug|Any CPU
		{9B24A934-C6FB-4511-A074-A1E8FE2D92ED}.Debug|Any CPU.Build.0 = Debug|Any CPU
		{9B24A934-C6FB-4511-A074-A1E8FE2D92ED}.Release|Any CPU.ActiveCfg = Release|Any CPU
		{9B24A934-C6FB-4511-A074-A1E8FE2D92ED}.Release|Any CPU.Build.0 = Release|Any CPU
		{EAD0C056-5089-4AD6-A447-EDD3859B314C}.Debug|Any CPU.ActiveCfg = Debug|Any CPU
		{EAD0C056-5089-4AD6-A447-EDD3859B314C}.Debug|Any CPU.Build.0 = Debug|Any CPU
		{EAD0C056-5089-4AD6-A447-EDD3859B314C}.Release|Any CPU.ActiveCfg = Release|Any CPU
		{EAD0C056-5089-4AD6-A447-EDD3859B314C}.Release|Any CPU.Build.0 = Release|Any CPU
		{711EA6CE-F90A-491D-901A-D38DA8E30CC5}.Debug|Any CPU.ActiveCfg = Debug|Any CPU
		{711EA6CE-F90A-491D-901A-D38DA8E30CC5}.Debug|Any CPU.Build.0 = Debug|Any CPU
		{711EA6CE-F90A-491D-901A-D38DA8E30CC5}.Release|Any CPU.ActiveCfg = Release|Any CPU
		{711EA6CE-F90A-491D-901A-D38DA8E30CC5}.Release|Any CPU.Build.0 = Release|Any CPU
		{FC03523B-11A2-4A2E-B889-08BA2DFB5E9E}.Debug|Any CPU.ActiveCfg = Debug|Any CPU
		{FC03523B-11A2-4A2E-B889-08BA2DFB5E9E}.Debug|Any CPU.Build.0 = Debug|Any CPU
		{FC03523B-11A2-4A2E-B889-08BA2DFB5E9E}.Release|Any CPU.ActiveCfg = Release|Any CPU
		{FC03523B-11A2-4A2E-B889-08BA2DFB5E9E}.Release|Any CPU.Build.0 = Release|Any CPU
		{ED7D114C-779F-4BD7-B3BA-0B9E215E22FC}.Debug|Any CPU.ActiveCfg = Debug|Any CPU
		{ED7D114C-779F-4BD7-B3BA-0B9E215E22FC}.Debug|Any CPU.Build.0 = Debug|Any CPU
		{ED7D114C-779F-4BD7-B3BA-0B9E215E22FC}.Release|Any CPU.ActiveCfg = Release|Any CPU
		{ED7D114C-779F-4BD7-B3BA-0B9E215E22FC}.Release|Any CPU.Build.0 = Release|Any CPU
		{1BC3AF51-8349-4561-B34A-37A129CA8DC7}.Debug|Any CPU.ActiveCfg = Debug|Any CPU
		{1BC3AF51-8349-4561-B34A-37A129CA8DC7}.Debug|Any CPU.Build.0 = Debug|Any CPU
		{1BC3AF51-8349-4561-B34A-37A129CA8DC7}.Release|Any CPU.ActiveCfg = Release|Any CPU
		{1BC3AF51-8349-4561-B34A-37A129CA8DC7}.Release|Any CPU.Build.0 = Release|Any CPU
		{3065D1CA-18CD-494E-9A48-2A989D68D883}.Debug|Any CPU.ActiveCfg = Debug|Any CPU
		{3065D1CA-18CD-494E-9A48-2A989D68D883}.Debug|Any CPU.Build.0 = Debug|Any CPU
		{3065D1CA-18CD-494E-9A48-2A989D68D883}.Release|Any CPU.ActiveCfg = Release|Any CPU
		{3065D1CA-18CD-494E-9A48-2A989D68D883}.Release|Any CPU.Build.0 = Release|Any CPU
		{147D45A9-5843-48C0-9A7B-5BBF00128E89}.Debug|Any CPU.ActiveCfg = Debug|Any CPU
		{147D45A9-5843-48C0-9A7B-5BBF00128E89}.Debug|Any CPU.Build.0 = Debug|Any CPU
		{147D45A9-5843-48C0-9A7B-5BBF00128E89}.Release|Any CPU.ActiveCfg = Release|Any CPU
		{147D45A9-5843-48C0-9A7B-5BBF00128E89}.Release|Any CPU.Build.0 = Release|Any CPU
		{E27F0AAA-AA6E-4847-847D-4BB9C4E963EA}.Debug|Any CPU.ActiveCfg = Debug|Any CPU
		{E27F0AAA-AA6E-4847-847D-4BB9C4E963EA}.Debug|Any CPU.Build.0 = Debug|Any CPU
		{E27F0AAA-AA6E-4847-847D-4BB9C4E963EA}.Release|Any CPU.ActiveCfg = Release|Any CPU
		{E27F0AAA-AA6E-4847-847D-4BB9C4E963EA}.Release|Any CPU.Build.0 = Release|Any CPU
		{B7708BA7-0721-4F50-A5D8-D17346DBBCF6}.Debug|Any CPU.ActiveCfg = Debug|Any CPU
		{B7708BA7-0721-4F50-A5D8-D17346DBBCF6}.Debug|Any CPU.Build.0 = Debug|Any CPU
		{B7708BA7-0721-4F50-A5D8-D17346DBBCF6}.Release|Any CPU.ActiveCfg = Release|Any CPU
		{B7708BA7-0721-4F50-A5D8-D17346DBBCF6}.Release|Any CPU.Build.0 = Release|Any CPU
		{35150728-74BB-4F34-A388-EDC7B2BEAEB4}.Debug|Any CPU.ActiveCfg = Debug|Any CPU
		{35150728-74BB-4F34-A388-EDC7B2BEAEB4}.Debug|Any CPU.Build.0 = Debug|Any CPU
		{35150728-74BB-4F34-A388-EDC7B2BEAEB4}.Release|Any CPU.ActiveCfg = Release|Any CPU
		{35150728-74BB-4F34-A388-EDC7B2BEAEB4}.Release|Any CPU.Build.0 = Release|Any CPU
		{2E9F1264-D1B6-4038-8BD5-483171429B36}.Debug|Any CPU.ActiveCfg = Debug|Any CPU
		{2E9F1264-D1B6-4038-8BD5-483171429B36}.Debug|Any CPU.Build.0 = Debug|Any CPU
		{2E9F1264-D1B6-4038-8BD5-483171429B36}.Release|Any CPU.ActiveCfg = Release|Any CPU
		{2E9F1264-D1B6-4038-8BD5-483171429B36}.Release|Any CPU.Build.0 = Release|Any CPU
	EndGlobalSection
	GlobalSection(SolutionProperties) = preSolution
		HideSolutionNode = FALSE
	EndGlobalSection
	GlobalSection(NestedProjects) = preSolution
		{9B977A64-4E26-427D-81C4-1E5D74F5796D} = {D16C69B8-07A3-41DE-9F4D-FABCC9379B1F}
		{4A4AE45F-7C00-4D0C-BCF3-6FB02FDABE8A} = {0E977B44-D7ED-4318-AC77-E47BF64108AB}
		{638C8070-3654-4E98-A99E-A6ECD2C09BEC} = {0E977B44-D7ED-4318-AC77-E47BF64108AB}
		{9B24A934-C6FB-4511-A074-A1E8FE2D92ED} = {D61AA399-2146-4EC3-9D2F-EA21A59B370C}
		{EAD0C056-5089-4AD6-A447-EDD3859B314C} = {D61AA399-2146-4EC3-9D2F-EA21A59B370C}
		{711EA6CE-F90A-491D-901A-D38DA8E30CC5} = {D61AA399-2146-4EC3-9D2F-EA21A59B370C}
		{FC03523B-11A2-4A2E-B889-08BA2DFB5E9E} = {D61AA399-2146-4EC3-9D2F-EA21A59B370C}
		{A1832D19-14AC-43D5-9354-E44CD8F066BD} = {D16C69B8-07A3-41DE-9F4D-FABCC9379B1F}
		{ED7D114C-779F-4BD7-B3BA-0B9E215E22FC} = {A1832D19-14AC-43D5-9354-E44CD8F066BD}
		{1BC3AF51-8349-4561-B34A-37A129CA8DC7} = {A1832D19-14AC-43D5-9354-E44CD8F066BD}
		{147D45A9-5843-48C0-9A7B-5BBF00128E89} = {D61AA399-2146-4EC3-9D2F-EA21A59B370C}
		{E27F0AAA-AA6E-4847-847D-4BB9C4E963EA} = {A1832D19-14AC-43D5-9354-E44CD8F066BD}
		{B7708BA7-0721-4F50-A5D8-D17346DBBCF6} = {A1832D19-14AC-43D5-9354-E44CD8F066BD}
		{35150728-74BB-4F34-A388-EDC7B2BEAEB4} = {0E977B44-D7ED-4318-AC77-E47BF64108AB}
		{2E9F1264-D1B6-4038-8BD5-483171429B36} = {D61AA399-2146-4EC3-9D2F-EA21A59B370C}
	EndGlobalSection
	GlobalSection(ExtensibilityGlobals) = postSolution
		SolutionGuid = {BCD3BAB5-4833-4D95-AB51-CE064919BAF9}
	EndGlobalSection
EndGlobal
